
Microsoft Visual Studio Solution File, Format Version 12.00
# Visual Studio Version 16
VisualStudioVersion = 16.0.31624.102
MinimumVisualStudioVersion = 10.0.40219.1
Project("{FAE04EC0-301F-11D3-BF4B-00C04F79EFBC}") = "ClassMetotDemo2", "ClassMetotDemo2\ClassMetotDemo2.csproj", "{66DB0FDF-ECB4-4DB4-A8E6-86D7C40FF77A}"
EndProject
Global
	GlobalSection(SolutionConfigurationPlatforms) = preSolution
		Debug|Any CPU = Debug|Any CPU
		Release|Any CPU = Release|Any CPU
	EndGlobalSection
	GlobalSection(ProjectConfigurationPlatforms) = postSolution
		{66DB0FDF-ECB4-4DB4-A8E6-86D7C40FF77A}.Debug|Any CPU.ActiveCfg = Debug|Any CPU
		{66DB0FDF-ECB4-4DB4-A8E6-86D7C40FF77A}.Debug|Any CPU.Build.0 = Debug|Any CPU
		{66DB0FDF-ECB4-4DB4-A8E6-86D7C40FF77A}.Release|Any CPU.ActiveCfg = Release|Any CPU
		{66DB0FDF-ECB4-4DB4-A8E6-86D7C40FF77A}.Release|Any CPU.Build.0 = Release|Any CPU
	EndGlobalSection
	GlobalSection(SolutionProperties) = preSolution
		HideSolutionNode = FALSE
	EndGlobalSection
	GlobalSection(ExtensibilityGlobals) = postSolution
		SolutionGuid = {CDC68D5C-1DE1-4124-BC7A-6863CE1EABCD}
	EndGlobalSection
EndGlobal
